
Microsoft Visual Studio Solution File, Format Version 12.00
# Visual Studio Version 16
VisualStudioVersion = 16.0.33529.622
MinimumVisualStudioVersion = 10.0.40219.1
Project("{FAE04EC0-301F-11D3-BF4B-00C04F79EFBC}") = "exercicio2", "exercicio2.csproj", "{90F3102A-B947-471D-B121-EC62D77AEB6C}"
EndProject
Global
	GlobalSection(SolutionConfigurationPlatforms) = preSolution
		Debug|Any CPU = Debug|Any CPU
		Release|Any CPU = Release|Any CPU
	EndGlobalSection
	GlobalSection(ProjectConfigurationPlatforms) = postSolution
		{90F3102A-B947-471D-B121-EC62D77AEB6C}.Debug|Any CPU.ActiveCfg = Debug|Any CPU
		{90F3102A-B947-471D-B121-EC62D77AEB6C}.Debug|Any CPU.Build.0 = Debug|Any CPU
		{90F3102A-B947-471D-B121-EC62D77AEB6C}.Release|Any CPU.ActiveCfg = Release|Any CPU
		{90F3102A-B947-471D-B121-EC62D77AEB6C}.Release|Any CPU.Build.0 = Release|Any CPU
	EndGlobalSection
	GlobalSection(SolutionProperties) = preSolution
		HideSolutionNode = FALSE
	EndGlobalSection
	GlobalSection(ExtensibilityGlobals) = postSolution
		SolutionGuid = {C012267C-20A1-4E66-B3A2-A63D04AD1473}
	EndGlobalSection
EndGlobal
